
Microsoft Visual Studio Solution File, Format Version 12.00
# Visual Studio Version 16
VisualStudioVersion = 16.0.30717.126
MinimumVisualStudioVersion = 10.0.40219.1
Project("{FAE04EC0-301F-11D3-BF4B-00C04F79EFBC}") = "KRFAPITemplateInstaller", "KRFAPITemplateInstaller\KRFAPITemplateInstaller.csproj", "{F6A520EA-CC80-4B16-A9B6-9DE06D83F4A7}"
EndProject
Global
	GlobalSection(SolutionConfigurationPlatforms) = preSolution
		Debug|Any CPU = Debug|Any CPU
		Release|Any CPU = Release|Any CPU
	EndGlobalSection
	GlobalSection(ProjectConfigurationPlatforms) = postSolution
		{F6A520EA-CC80-4B16-A9B6-9DE06D83F4A7}.Debug|Any CPU.ActiveCfg = Debug|Any CPU
		{F6A520EA-CC80-4B16-A9B6-9DE06D83F4A7}.Debug|Any CPU.Build.0 = Debug|Any CPU
		{F6A520EA-CC80-4B16-A9B6-9DE06D83F4A7}.Release|Any CPU.ActiveCfg = Release|Any CPU
		{F6A520EA-CC80-4B16-A9B6-9DE06D83F4A7}.Release|Any CPU.Build.0 = Release|Any CPU
	EndGlobalSection
	GlobalSection(SolutionProperties) = preSolution
		HideSolutionNode = FALSE
	EndGlobalSection
	GlobalSection(ExtensibilityGlobals) = postSolution
		SolutionGuid = {CD78D63E-E22C-428E-8999-164D97186B4D}
	EndGlobalSection
EndGlobal
